// !$*UTF8*$!
{
	archiveVersion = 1;
	classes = {
	};
	objectVersion = 50;
	objects = {

/* Begin PBXBuildFile section */
		3630E6EC25CC3CD2008A2965 /* AppDelegate.swift in Sources */ = {isa = PBXBuildFile; fileRef = 3630E6EB25CC3CD2008A2965 /* AppDelegate.swift */; };
		3630E6EE25CC3CD2008A2965 /* SceneDelegate.swift in Sources */ = {isa = PBXBuildFile; fileRef = 3630E6ED25CC3CD2008A2965 /* SceneDelegate.swift */; };
		3630E6F025CC3CD2008A2965 /* ViewController.swift in Sources */ = {isa = PBXBuildFile; fileRef = 3630E6EF25CC3CD2008A2965 /* ViewController.swift */; };
		3630E6F325CC3CD2008A2965 /* Main.storyboard in Resources */ = {isa = PBXBuildFile; fileRef = 3630E6F125CC3CD2008A2965 /* Main.storyboard */; };
		3630E6F525CC3CD3008A2965 /* Assets.xcassets in Resources */ = {isa = PBXBuildFile; fileRef = 3630E6F425CC3CD3008A2965 /* Assets.xcassets */; };
		3630E6F825CC3CD3008A2965 /* LaunchScreen.storyboard in Resources */ = {isa = PBXBuildFile; fileRef = 3630E6F625CC3CD3008A2965 /* LaunchScreen.storyboard */; };
		36F1E1BD25CF3E1100920CB4 /* web in Resources */ = {isa = PBXBuildFile; fileRef = 36F1E1BC25CF3E1100920CB4 /* web */; };
/* End PBXBuildFile section */

/* Begin PBXFileReference section */
		3630E6E825CC3CD2008A2965 /* Shulhan.app */ = {isa = PBXFileReference; explicitFileType = wrapper.application; includeInIndex = 0; path = Shulhan.app; sourceTree = BUILT_PRODUCTS_DIR; };
		3630E6EB25CC3CD2008A2965 /* AppDelegate.swift */ = {isa = PBXFileReference; lastKnownFileType = sourcecode.swift; path = AppDelegate.swift; sourceTree = "<group>"; };
		3630E6ED25CC3CD2008A2965 /* SceneDelegate.swift */ = {isa = PBXFileReference; lastKnownFileType = sourcecode.swift; path = SceneDelegate.swift; sourceTree = "<group>"; };
		3630E6EF25CC3CD2008A2965 /* ViewController.swift */ = {isa = PBXFileReference; lastKnownFileType = sourcecode.swift; path = ViewController.swift; sourceTree = "<group>"; };
		3630E6F225CC3CD2008A2965 /* Base */ = {isa = PBXFileReference; lastKnownFileType = file.storyboard; name = Base; path = Base.lproj/Main.storyboard; sourceTree = "<group>"; };
		3630E6F425CC3CD3008A2965 /* Assets.xcassets */ = {isa = PBXFileReference; lastKnownFileType = folder.assetcatalog; path = Assets.xcassets; sourceTree = "<group>"; };
		3630E6F725CC3CD3008A2965 /* Base */ = {isa = PBXFileReference; lastKnownFileType = file.storyboard; name = Base; path = Base.lproj/LaunchScreen.storyboard; sourceTree = "<group>"; };
		3630E6F925CC3CD3008A2965 /* Info.plist */ = {isa = PBXFileReference; lastKnownFileType = text.plist.xml; path = Info.plist; sourceTree = "<group>"; };
		36F1E1BC25CF3E1100920CB4 /* web */ = {isa = PBXFileReference; lastKnownFileType = folder; path = web; sourceTree = "<group>"; };
/* End PBXFileReference section */

/* Begin PBXFrameworksBuildPhase section */
		3630E6E525CC3CD2008A2965 /* Frameworks */ = {
			isa = PBXFrameworksBuildPhase;
			buildActionMask = 2147483647;
			files = (
			);
			runOnlyForDeploymentPostprocessing = 0;
		};
/* End PBXFrameworksBuildPhase section */

/* Begin PBXGroup section */
		3630E6DF25CC3CD2008A2965 = {
			isa = PBXGroup;
			children = (
				36F1E1BC25CF3E1100920CB4 /* web */,
				3630E6EA25CC3CD2008A2965 /* Shulhan */,
				3630E6E925CC3CD2008A2965 /* Products */,
			);
			sourceTree = "<group>";
		};
		3630E6E925CC3CD2008A2965 /* Products */ = {
			isa = PBXGroup;
			children = (
				3630E6E825CC3CD2008A2965 /* Shulhan.app */,
			);
			name = Products;
			sourceTree = "<group>";
		};
		3630E6EA25CC3CD2008A2965 /* Shulhan */ = {
			isa = PBXGroup;
			children = (
				3630E6EB25CC3CD2008A2965 /* AppDelegate.swift */,
				3630E6ED25CC3CD2008A2965 /* SceneDelegate.swift */,
				3630E6EF25CC3CD2008A2965 /* ViewController.swift */,
				3630E6F125CC3CD2008A2965 /* Main.storyboard */,
				3630E6F425CC3CD3008A2965 /* Assets.xcassets */,
				3630E6F625CC3CD3008A2965 /* LaunchScreen.storyboard */,
				3630E6F925CC3CD3008A2965 /* Info.plist */,
			);
			path = Shulhan;
			sourceTree = "<group>";
		};
/* End PBXGroup section */

/* Begin PBXNativeTarget section */
		3630E6E725CC3CD2008A2965 /* Shulhan */ = {
			isa = PBXNativeTarget;
			buildConfigurationList = 3630E6FC25CC3CD3008A2965 /* Build configuration list for PBXNativeTarget "Shulhan" */;
			buildPhases = (
				3630E6E425CC3CD2008A2965 /* Sources */,
				3630E6E525CC3CD2008A2965 /* Frameworks */,
				3630E6E625CC3CD2008A2965 /* Resources */,
			);
			buildRules = (
			);
			dependencies = (
			);
			name = Shulhan;
			productName = Shulhan;
			productReference = 3630E6E825CC3CD2008A2965 /* Shulhan.app */;
			productType = "com.apple.product-type.application";
		};
/* End PBXNativeTarget section */

/* Begin PBXProject section */
		3630E6E025CC3CD2008A2965 /* Project object */ = {
			isa = PBXProject;
			attributes = {
				LastSwiftUpdateCheck = 1240;
				LastUpgradeCheck = 1240;
				TargetAttributes = {
					3630E6E725CC3CD2008A2965 = {
						CreatedOnToolsVersion = 12.4;
					};
				};
			};
			buildConfigurationList = 3630E6E325CC3CD2008A2965 /* Build configuration list for PBXProject "Shulhan" */;
			compatibilityVersion = "Xcode 9.3";
			developmentRegion = en;
			hasScannedForEncodings = 0;
			knownRegions = (
				en,
				Base,
			);
			mainGroup = 3630E6DF25CC3CD2008A2965;
			productRefGroup = 3630E6E925CC3CD2008A2965 /* Products */;
			projectDirPath = "";
			projectRoot = "";
			targets = (
				3630E6E725CC3CD2008A2965 /* Shulhan */,
			);
		};
/* End PBXProject section */

/* Begin PBXResourcesBuildPhase section */
		3630E6E625CC3CD2008A2965 /* Resources */ = {
			isa = PBXResourcesBuildPhase;
			buildActionMask = 2147483647;
			files = (
				36F1E1BD25CF3E1100920CB4 /* web in Resources */,
				3630E6F825CC3CD3008A2965 /* LaunchScreen.storyboard in Resources */,
				3630E6F525CC3CD3008A2965 /* Assets.xcassets in Resources */,
				3630E6F325CC3CD2008A2965 /* Main.storyboard in Resources */,
			);
			runOnlyForDeploymentPostprocessing = 0;
		};
/* End PBXResourcesBuildPhase section */

/* Begin PBXSourcesBuildPhase section */
		3630E6E425CC3CD2008A2965 /* Sources */ = {
			isa = PBXSourcesBuildPhase;
			buildActionMask = 2147483647;
			files = (
				3630E6F025CC3CD2008A2965 /* ViewController.swift in Sources */,
				3630E6EC25CC3CD2008A2965 /* AppDelegate.swift in Sources */,
				3630E6EE25CC3CD2008A2965 /* SceneDelegate.swift in Sources */,
			);
			runOnlyForDeploymentPostprocessing = 0;
		};
/* End PBXSourcesBuildPhase section */

/* Begin PBXVariantGroup section */
		3630E6F125CC3CD2008A2965 /* Main.storyboard */ = {
			isa = PBXVariantGroup;
			children = (
				3630E6F225CC3CD2008A2965 /* Base */,
			);
			name = Main.storyboard;
			sourceTree = "<group>";
		};
		3630E6F625CC3CD3008A2965 /* LaunchScreen.storyboard */ = {
			isa = PBXVariantGroup;
			children = (
				3630E6F725CC3CD3008A2965 /* Base */,
			);
			name = LaunchScreen.storyboard;
			sourceTree = "<group>";
		};
/* End PBXVariantGroup section */

/* Begin XCBuildConfiguration section */
		3630E6FA25CC3CD3008A2965 /* Debug */ = {
			isa = XCBuildConfiguration;
			buildSettings = {
				ALWAYS_SEARCH_USER_PATHS = NO;
				CLANG_ANALYZER_NONNULL = YES;
				CLANG_ANALYZER_NUMBER_OBJECT_CONVERSION = YES_AGGRESSIVE;
				CLANG_CXX_LANGUAGE_STANDARD = "gnu++14";
				CLANG_CXX_LIBRARY = "libc++";
				CLANG_ENABLE_MODULES = YES;
				CLANG_ENABLE_OBJC_ARC = YES;
				CLANG_ENABLE_OBJC_WEAK = YES;
				CLANG_WARN_BLOCK_CAPTURE_AUTORELEASING = YES;
				CLANG_WARN_BOOL_CONVERSION = YES;
				CLANG_WARN_COMMA = YES;
				CLANG_WARN_CONSTANT_CONVERSION = YES;
				CLANG_WARN_DEPRECATED_OBJC_IMPLEMENTATIONS = YES;
				CLANG_WARN_DIRECT_OBJC_ISA_USAGE = YES_ERROR;
				CLANG_WARN_DOCUMENTATION_COMMENTS = YES;
				CLANG_WARN_EMPTY_BODY = YES;
				CLANG_WARN_ENUM_CONVERSION = YES;
				CLANG_WARN_INFINITE_RECURSION = YES;
				CLANG_WARN_INT_CONVERSION = YES;
				CLANG_WARN_NON_LITERAL_NULL_CONVERSION = YES;
				CLANG_WARN_OBJC_IMPLICIT_RETAIN_SELF = YES;
				CLANG_WARN_OBJC_LITERAL_CONVERSION = YES;
				CLANG_WARN_OBJC_ROOT_CLASS = YES_ERROR;
				CLANG_WARN_QUOTED_INCLUDE_IN_FRAMEWORK_HEADER = YES;
				CLANG_WARN_RANGE_LOOP_ANALYSIS = YES;
				CLANG_WARN_STRICT_PROTOTYPES = YES;
				CLANG_WARN_SUSPICIOUS_MOVE = YES;
				CLANG_WARN_UNGUARDED_AVAILABILITY = YES_AGGRESSIVE;
				CLANG_WARN_UNREACHABLE_CODE = YES;
				CLANG_WARN__DUPLICATE_METHOD_MATCH = YES;
				COPY_PHASE_STRIP = NO;
				DEBUG_INFORMATION_FORMAT = dwarf;
				ENABLE_STRICT_OBJC_MSGSEND = YES;
				ENABLE_TESTABILITY = YES;
				GCC_C_LANGUAGE_STANDARD = gnu11;
				GCC_DYNAMIC_NO_PIC = NO;
				GCC_NO_COMMON_BLOCKS = YES;
				GCC_OPTIMIZATION_LEVEL = 0;
				GCC_PREPROCESSOR_DEFINITIONS = (
					"DEBUG=1",
					"$(inherited)",
				);
				GCC_WARN_64_TO_32_BIT_CONVERSION = YES;
				GCC_WARN_ABOUT_RETURN_TYPE = YES_ERROR;
				GCC_WARN_UNDECLARED_SELECTOR = YES;
				GCC_WARN_UNINITIALIZED_AUTOS = YES_AGGRESSIVE;
				GCC_WARN_UNUSED_FUNCTION = YES;
				GCC_WARN_UNUSED_VARIABLE = YES;
				IPHONEOS_DEPLOYMENT_TARGET = 14.4;
				MTL_ENABLE_DEBUG_INFO = INCLUDE_SOURCE;
				MTL_FAST_MATH = YES;
				ONLY_ACTIVE_ARCH = YES;
				SDKROOT = iphoneos;
				SWIFT_ACTIVE_COMPILATION_CONDITIONS = DEBUG;
				SWIFT_OPTIMIZATION_LEVEL = "-Onone";
			};
			name = Debug;
		};
		3630E6FB25CC3CD3008A2965 /* Release */ = {
			isa = XCBuildConfiguration;
			buildSettings = {
				ALWAYS_SEARCH_USER_PATHS = NO;
				CLANG_ANALYZER_NONNULL = YES;
				CLANG_ANALYZER_NUMBER_OBJECT_CONVERSION = YES_AGGRESSIVE;
				CLANG_CXX_LANGUAGE_STANDARD = "gnu++14";
				CLANG_CXX_LIBRARY = "libc++";
				CLANG_ENABLE_MODULES = YES;
				CLANG_ENABLE_OBJC_ARC = YES;
				CLANG_ENABLE_OBJC_WEAK = YES;
				CLANG_WARN_BLOCK_CAPTURE_AUTORELEASING = YES;
				CLANG_WARN_BOOL_CONVERSION = YES;
				CLANG_WARN_COMMA = YES;
				CLANG_WARN_CONSTANT_CONVERSION = YES;
				CLANG_WARN_DEPRECATED_OBJC_IMPLEMENTATIONS = YES;
				CLANG_WARN_DIRECT_OBJC_ISA_USAGE = YES_ERROR;
				CLANG_WARN_DOCUMENTATION_COMMENTS = YES;
				CLANG_WARN_EMPTY_BODY = YES;
				CLANG_WARN_ENUM_CONVERSION = YES;
				CLANG_WARN_INFINITE_RECURSION = YES;
				CLANG_WARN_INT_CONVERSION = YES;
				CLANG_WARN_NON_LITERAL_NULL_CONVERSION = YES;
				CLANG_WARN_OBJC_IMPLICIT_RETAIN_SELF = YES;
				CLANG_WARN_OBJC_LITERAL_CONVERSION = YES;
				CLANG_WARN_OBJC_ROOT_CLASS = YES_ERROR;
				CLANG_WARN_QUOTED_INCLUDE_IN_FRAMEWORK_HEADER = YES;
				CLANG_WARN_RANGE_LOOP_ANALYSIS = YES;
				CLANG_WARN_STRICT_PROTOTYPES = YES;
				CLANG_WARN_SUSPICIOUS_MOVE = YES;
				CLANG_WARN_UNGUARDED_AVAILABILITY = YES_AGGRESSIVE;
				CLANG_WARN_UNREACHABLE_CODE = YES;
				CLANG_WARN__DUPLICATE_METHOD_MATCH = YES;
				COPY_PHASE_STRIP = NO;
				DEBUG_INFORMATION_FORMAT = "dwarf-with-dsym";
				ENABLE_NS_ASSERTIONS = NO;
				ENABLE_STRICT_OBJC_MSGSEND = YES;
				GCC_C_LANGUAGE_STANDARD = gnu11;
				GCC_NO_COMMON_BLOCKS = YES;
				GCC_WARN_64_TO_32_BIT_CONVERSION = YES;
				GCC_WARN_ABOUT_RETURN_TYPE = YES_ERROR;
				GCC_WARN_UNDECLARED_SELECTOR = YES;
				GCC_WARN_UNINITIALIZED_AUTOS = YES_AGGRESSIVE;
				GCC_WARN_UNUSED_FUNCTION = YES;
				GCC_WARN_UNUSED_VARIABLE = YES;
				IPHONEOS_DEPLOYMENT_TARGET = 14.4;
				MTL_ENABLE_DEBUG_INFO = NO;
				MTL_FAST_MATH = YES;
				SDKROOT = iphoneos;
				SWIFT_COMPILATION_MODE = wholemodule;
				SWIFT_OPTIMIZATION_LEVEL = "-O";
				VALIDATE_PRODUCT = YES;
			};
			name = Release;
		};
		3630E6FD25CC3CD3008A2965 /* Debug */ = {
			isa = XCBuildConfiguration;
			buildSettings = {
				ASSETCATALOG_COMPILER_APPICON_NAME = AppIcon;
				ASSETCATALOG_COMPILER_GLOBAL_ACCENT_COLOR_NAME = AccentColor;
				CODE_SIGN_STYLE = Automatic;
				CURRENT_PROJECT_VERSION = 2;
				DEVELOPMENT_TEAM = 6D3PS368RT;
				INFOPLIST_FILE = Shulhan/Info.plist;
				LD_RUNPATH_SEARCH_PATHS = (
					"$(inherited)",
					"@executable_path/Frameworks",
				);
				MARKETING_VERSION = 2.0;
				PRODUCT_BUNDLE_IDENTIFIER = com.issahar.shulhan;
				PRODUCT_NAME = "$(TARGET_NAME)";
				SWIFT_VERSION = 5.0;
				TARGETED_DEVICE_FAMILY = "1,2";
			};
			name = Debug;
		};
		3630E6FE25CC3CD3008A2965 /* Release */ = {
			isa = XCBuildConfiguration;
			buildSettings = {
				ASSETCATALOG_COMPILER_APPICON_NAME = AppIcon;
				ASSETCATALOG_COMPILER_GLOBAL_ACCENT_COLOR_NAME = AccentColor;
				CODE_SIGN_STYLE = Automatic;
				CURRENT_PROJECT_VERSION = 2;
				DEVELOPMENT_TEAM = 6D3PS368RT;
				INFOPLIST_FILE = Shulhan/Info.plist;
				LD_RUNPATH_SEARCH_PATHS = (
					"$(inherited)",
					"@executable_path/Frameworks",
				);
				MARKETING_VERSION = 2.0;
				PRODUCT_BUNDLE_IDENTIFIER = com.issahar.shulhan;
				PRODUCT_NAME = "$(TARGET_NAME)";
				SWIFT_VERSION = 5.0;
				TARGETED_DEVICE_FAMILY = "1,2";
			};
			name = Release;
		};
/* End XCBuildConfiguration section */

/* Begin XCConfigurationList section */
		3630E6E325CC3CD2008A2965 /* Build configuration list for PBXProject "Shulhan" */ = {
			isa = XCConfigurationList;
			buildConfigurations = (
				3630E6FA25CC3CD3008A2965 /* Debug */,
				3630E6FB25CC3CD3008A2965 /* Release */,
			);
			defaultConfigurationIsVisible = 0;
			defaultConfigurationName = Release;
		};
		3630E6FC25CC3CD3008A2965 /* Build configuration list for PBXNativeTarget "Shulhan" */ = {
			isa = XCConfigurationList;
			buildConfigurations = (
				3630E6FD25CC3CD3008A2965 /* Debug */,
				3630E6FE25CC3CD3008A2965 /* Release */,
			);
			defaultConfigurationIsVisible = 0;
			defaultConfigurationName = Release;
		};
/* End XCConfigurationList section */
	};
	rootObject = 3630E6E025CC3CD2008A2965 /* Project object */;
}
